
Microsoft Visual Studio Solution File, Format Version 12.00
# Visual Studio Version 16
VisualStudioVersion = 16.0.30428.66
MinimumVisualStudioVersion = 10.0.40219.1
Project("{9A19103F-16F7-4668-BE54-9A1E7A4F7556}") = "DwImgApiML.Model", "DwImgApiML.Model\DwImgApiML.Model.csproj", "{2A1D9104-31DA-4CFC-A24A-48CB99591D27}"
EndProject
Project("{9A19103F-16F7-4668-BE54-9A1E7A4F7556}") = "DwImgApiML.ConsoleApp", "DwImgApiML.ConsoleApp\DwImgApiML.ConsoleApp.csproj", "{1B957AC8-6FD6-4566-BBE4-307DEECF51D6}"
EndProject
Project("{9A19103F-16F7-4668-BE54-9A1E7A4F7556}") = "ml img", "ml img\ml img.csproj", "{D1BB9E8E-EEF4-4317-915E-1990948C8131}"
EndProject
Global
	GlobalSection(SolutionConfigurationPlatforms) = preSolution
		Debug|Any CPU = Debug|Any CPU
		Release|Any CPU = Release|Any CPU
	EndGlobalSection
	GlobalSection(ProjectConfigurationPlatforms) = postSolution
		{2A1D9104-31DA-4CFC-A24A-48CB99591D27}.Debug|Any CPU.ActiveCfg = Debug|Any CPU
		{2A1D9104-31DA-4CFC-A24A-48CB99591D27}.Debug|Any CPU.Build.0 = Debug|Any CPU
		{2A1D9104-31DA-4CFC-A24A-48CB99591D27}.Release|Any CPU.ActiveCfg = Release|Any CPU
		{2A1D9104-31DA-4CFC-A24A-48CB99591D27}.Release|Any CPU.Build.0 = Release|Any CPU
		{1B957AC8-6FD6-4566-BBE4-307DEECF51D6}.Debug|Any CPU.ActiveCfg = Debug|Any CPU
		{1B957AC8-6FD6-4566-BBE4-307DEECF51D6}.Debug|Any CPU.Build.0 = Debug|Any CPU
		{1B957AC8-6FD6-4566-BBE4-307DEECF51D6}.Release|Any CPU.ActiveCfg = Release|Any CPU
		{1B957AC8-6FD6-4566-BBE4-307DEECF51D6}.Release|Any CPU.Build.0 = Release|Any CPU
		{D1BB9E8E-EEF4-4317-915E-1990948C8131}.Debug|Any CPU.ActiveCfg = Debug|Any CPU
		{D1BB9E8E-EEF4-4317-915E-1990948C8131}.Debug|Any CPU.Build.0 = Debug|Any CPU
		{D1BB9E8E-EEF4-4317-915E-1990948C8131}.Release|Any CPU.ActiveCfg = Release|Any CPU
		{D1BB9E8E-EEF4-4317-915E-1990948C8131}.Release|Any CPU.Build.0 = Release|Any CPU
	EndGlobalSection
	GlobalSection(SolutionProperties) = preSolution
		HideSolutionNode = FALSE
	EndGlobalSection
	GlobalSection(ExtensibilityGlobals) = postSolution
		SolutionGuid = {C4B679CB-6907-4C72-9B6E-0B640E0A0F70}
	EndGlobalSection
EndGlobal
